
Microsoft Visual Studio Solution File, Format Version 12.00
# Visual Studio Version 16
VisualStudioVersion = 16.0.30225.117
MinimumVisualStudioVersion = 10.0.40219.1
Project("{FAE04EC0-301F-11D3-BF4B-00C04F79EFBC}") = "Program", "Program\Program.csproj", "{8777DF6A-F5C3-42C1-A89F-C0F623C7F406}"
EndProject
Global
	GlobalSection(SolutionConfigurationPlatforms) = preSolution
		Debug|Any CPU = Debug|Any CPU
		Release|Any CPU = Release|Any CPU
	EndGlobalSection
	GlobalSection(ProjectConfigurationPlatforms) = postSolution
		{8777DF6A-F5C3-42C1-A89F-C0F623C7F406}.Debug|Any CPU.ActiveCfg = Debug|Any CPU
		{8777DF6A-F5C3-42C1-A89F-C0F623C7F406}.Debug|Any CPU.Build.0 = Debug|Any CPU
		{8777DF6A-F5C3-42C1-A89F-C0F623C7F406}.Release|Any CPU.ActiveCfg = Release|Any CPU
		{8777DF6A-F5C3-42C1-A89F-C0F623C7F406}.Release|Any CPU.Build.0 = Release|Any CPU
	EndGlobalSection
	GlobalSection(SolutionProperties) = preSolution
		HideSolutionNode = FALSE
	EndGlobalSection
	GlobalSection(ExtensibilityGlobals) = postSolution
		SolutionGuid = {DC494118-6AF0-48DA-BF2F-9112F61F6F0B}
	EndGlobalSection
EndGlobal
